
Microsoft Visual Studio Solution File, Format Version 12.00
# Visual Studio Version 17
VisualStudioVersion = 17.7.34031.279
MinimumVisualStudioVersion = 10.0.40219.1
Project("{FAE04EC0-301F-11D3-BF4B-00C04F79EFBC}") = "FolderAndFileExample", "FolderAndFileExample.csproj", "{658A65FF-009F-4119-AC4B-47780D9983DD}"
EndProject
Global
	GlobalSection(SolutionConfigurationPlatforms) = preSolution
		Debug|Any CPU = Debug|Any CPU
		Release|Any CPU = Release|Any CPU
	EndGlobalSection
	GlobalSection(ProjectConfigurationPlatforms) = postSolution
		{658A65FF-009F-4119-AC4B-47780D9983DD}.Debug|Any CPU.ActiveCfg = Debug|Any CPU
		{658A65FF-009F-4119-AC4B-47780D9983DD}.Debug|Any CPU.Build.0 = Debug|Any CPU
		{658A65FF-009F-4119-AC4B-47780D9983DD}.Release|Any CPU.ActiveCfg = Release|Any CPU
		{658A65FF-009F-4119-AC4B-47780D9983DD}.Release|Any CPU.Build.0 = Release|Any CPU
	EndGlobalSection
	GlobalSection(SolutionProperties) = preSolution
		HideSolutionNode = FALSE
	EndGlobalSection
	GlobalSection(ExtensibilityGlobals) = postSolution
		SolutionGuid = {E7F2EE7E-1420-4379-B650-5FF5F157C182}
	EndGlobalSection
EndGlobal
